// !$*UTF8*$!
{
	archiveVersion = 1;
	classes = {
	};
	objectVersion = 50;
	objects = {

/* Begin PBXBuildFile section */
		8DB68A782463DEC900200F4C /* AppDelegate.swift in Sources */ = {isa = PBXBuildFile; fileRef = 8DB68A772463DEC900200F4C /* AppDelegate.swift */; };
		8DB68A7A2463DEC900200F4C /* ViewController.swift in Sources */ = {isa = PBXBuildFile; fileRef = 8DB68A792463DEC900200F4C /* ViewController.swift */; };
		8DB68A7D2463DEC900200F4C /* Main.storyboard in Resources */ = {isa = PBXBuildFile; fileRef = 8DB68A7B2463DEC900200F4C /* Main.storyboard */; };
		8DB68A7F2463DECC00200F4C /* Assets.xcassets in Resources */ = {isa = PBXBuildFile; fileRef = 8DB68A7E2463DECC00200F4C /* Assets.xcassets */; };
		8DB68A822463DECC00200F4C /* LaunchScreen.storyboard in Resources */ = {isa = PBXBuildFile; fileRef = 8DB68A802463DECC00200F4C /* LaunchScreen.storyboard */; };
		8DB68A8D2463DECC00200F4C /* KeychainExampleTests.swift in Sources */ = {isa = PBXBuildFile; fileRef = 8DB68A8C2463DECC00200F4C /* KeychainExampleTests.swift */; };
/* End PBXBuildFile section */

/* Begin PBXContainerItemProxy section */
		8DB68A892463DECC00200F4C /* PBXContainerItemProxy */ = {
			isa = PBXContainerItemProxy;
			containerPortal = 8DB68A6C2463DEC900200F4C /* Project object */;
			proxyType = 1;
			remoteGlobalIDString = 8DB68A732463DEC900200F4C;
			remoteInfo = KeychainExample;
		};
/* End PBXContainerItemProxy section */

/* Begin PBXFileReference section */
		8DB68A742463DEC900200F4C /* KeychainExample.app */ = {isa = PBXFileReference; explicitFileType = wrapper.application; includeInIndex = 0; path = KeychainExample.app; sourceTree = BUILT_PRODUCTS_DIR; };
		8DB68A772463DEC900200F4C /* AppDelegate.swift */ = {isa = PBXFileReference; lastKnownFileType = sourcecode.swift; path = AppDelegate.swift; sourceTree = "<group>"; };
		8DB68A792463DEC900200F4C /* ViewController.swift */ = {isa = PBXFileReference; lastKnownFileType = sourcecode.swift; path = ViewController.swift; sourceTree = "<group>"; };
		8DB68A7C2463DEC900200F4C /* Base */ = {isa = PBXFileReference; lastKnownFileType = file.storyboard; name = Base; path = Base.lproj/Main.storyboard; sourceTree = "<group>"; };
		8DB68A7E2463DECC00200F4C /* Assets.xcassets */ = {isa = PBXFileReference; lastKnownFileType = folder.assetcatalog; path = Assets.xcassets; sourceTree = "<group>"; };
		8DB68A812463DECC00200F4C /* Base */ = {isa = PBXFileReference; lastKnownFileType = file.storyboard; name = Base; path = Base.lproj/LaunchScreen.storyboard; sourceTree = "<group>"; };
		8DB68A832463DECC00200F4C /* Info.plist */ = {isa = PBXFileReference; lastKnownFileType = text.plist.xml; path = Info.plist; sourceTree = "<group>"; };
		8DB68A882463DECC00200F4C /* KeychainExampleTests.xctest */ = {isa = PBXFileReference; explicitFileType = wrapper.cfbundle; includeInIndex = 0; path = KeychainExampleTests.xctest; sourceTree = BUILT_PRODUCTS_DIR; };
		8DB68A8C2463DECC00200F4C /* KeychainExampleTests.swift */ = {isa = PBXFileReference; lastKnownFileType = sourcecode.swift; path = KeychainExampleTests.swift; sourceTree = "<group>"; };
		8DB68A8E2463DECC00200F4C /* Info.plist */ = {isa = PBXFileReference; lastKnownFileType = text.plist.xml; path = Info.plist; sourceTree = "<group>"; };
/* End PBXFileReference section */

/* Begin PBXFrameworksBuildPhase section */
		8DB68A712463DEC900200F4C /* Frameworks */ = {
			isa = PBXFrameworksBuildPhase;
			buildActionMask = 2147483647;
			files = (
			);
			runOnlyForDeploymentPostprocessing = 0;
		};
		8DB68A852463DECC00200F4C /* Frameworks */ = {
			isa = PBXFrameworksBuildPhase;
			buildActionMask = 2147483647;
			files = (
			);
			runOnlyForDeploymentPostprocessing = 0;
		};
/* End PBXFrameworksBuildPhase section */

/* Begin PBXGroup section */
		8DB68A6B2463DEC900200F4C = {
			isa = PBXGroup;
			children = (
				8DB68A762463DEC900200F4C /* KeychainExample */,
				8DB68A8B2463DECC00200F4C /* KeychainExampleTests */,
				8DB68A752463DEC900200F4C /* Products */,
			);
			sourceTree = "<group>";
		};
		8DB68A752463DEC900200F4C /* Products */ = {
			isa = PBXGroup;
			children = (
				8DB68A742463DEC900200F4C /* KeychainExample.app */,
				8DB68A882463DECC00200F4C /* KeychainExampleTests.xctest */,
			);
			name = Products;
			sourceTree = "<group>";
		};
		8DB68A762463DEC900200F4C /* KeychainExample */ = {
			isa = PBXGroup;
			children = (
				8DB68A772463DEC900200F4C /* AppDelegate.swift */,
				8DB68A792463DEC900200F4C /* ViewController.swift */,
				8DB68A7B2463DEC900200F4C /* Main.storyboard */,
				8DB68A7E2463DECC00200F4C /* Assets.xcassets */,
				8DB68A802463DECC00200F4C /* LaunchScreen.storyboard */,
				8DB68A832463DECC00200F4C /* Info.plist */,
			);
			path = KeychainExample;
			sourceTree = "<group>";
		};
		8DB68A8B2463DECC00200F4C /* KeychainExampleTests */ = {
			isa = PBXGroup;
			children = (
				8DB68A8C2463DECC00200F4C /* KeychainExampleTests.swift */,
				8DB68A8E2463DECC00200F4C /* Info.plist */,
			);
			path = KeychainExampleTests;
			sourceTree = "<group>";
		};
/* End PBXGroup section */

/* Begin PBXNativeTarget section */
		8DB68A732463DEC900200F4C /* KeychainExample */ = {
			isa = PBXNativeTarget;
			buildConfigurationList = 8DB68A912463DECC00200F4C /* Build configuration list for PBXNativeTarget "KeychainExample" */;
			buildPhases = (
				8DB68A702463DEC900200F4C /* Sources */,
				8DB68A712463DEC900200F4C /* Frameworks */,
				8DB68A722463DEC900200F4C /* Resources */,
			);
			buildRules = (
			);
			dependencies = (
			);
			name = KeychainExample;
			productName = KeychainExample;
			productReference = 8DB68A742463DEC900200F4C /* KeychainExample.app */;
			productType = "com.apple.product-type.application";
		};
		8DB68A872463DECC00200F4C /* KeychainExampleTests */ = {
			isa = PBXNativeTarget;
			buildConfigurationList = 8DB68A942463DECC00200F4C /* Build configuration list for PBXNativeTarget "KeychainExampleTests" */;
			buildPhases = (
				8DB68A842463DECC00200F4C /* Sources */,
				8DB68A852463DECC00200F4C /* Frameworks */,
				8DB68A862463DECC00200F4C /* Resources */,
			);
			buildRules = (
			);
			dependencies = (
				8DB68A8A2463DECC00200F4C /* PBXTargetDependency */,
			);
			name = KeychainExampleTests;
			productName = KeychainExampleTests;
			productReference = 8DB68A882463DECC00200F4C /* KeychainExampleTests.xctest */;
			productType = "com.apple.product-type.bundle.unit-test";
		};
/* End PBXNativeTarget section */

/* Begin PBXProject section */
		8DB68A6C2463DEC900200F4C /* Project object */ = {
			isa = PBXProject;
			attributes = {
				LastSwiftUpdateCheck = 1030;
				LastUpgradeCheck = 1030;
				ORGANIZATIONNAME = Personal;
				TargetAttributes = {
					8DB68A732463DEC900200F4C = {
						CreatedOnToolsVersion = 10.3;
					};
					8DB68A872463DECC00200F4C = {
						CreatedOnToolsVersion = 10.3;
						TestTargetID = 8DB68A732463DEC900200F4C;
					};
				};
			};
			buildConfigurationList = 8DB68A6F2463DEC900200F4C /* Build configuration list for PBXProject "KeychainExample" */;
			compatibilityVersion = "Xcode 9.3";
			developmentRegion = en;
			hasScannedForEncodings = 0;
			knownRegions = (
				en,
				Base,
			);
			mainGroup = 8DB68A6B2463DEC900200F4C;
			productRefGroup = 8DB68A752463DEC900200F4C /* Products */;
			projectDirPath = "";
			projectRoot = "";
			targets = (
				8DB68A732463DEC900200F4C /* KeychainExample */,
				8DB68A872463DECC00200F4C /* KeychainExampleTests */,
			);
		};
/* End PBXProject section */

/* Begin PBXResourcesBuildPhase section */
		8DB68A722463DEC900200F4C /* Resources */ = {
			isa = PBXResourcesBuildPhase;
			buildActionMask = 2147483647;
			files = (
				8DB68A822463DECC00200F4C /* LaunchScreen.storyboard in Resources */,
				8DB68A7F2463DECC00200F4C /* Assets.xcassets in Resources */,
				8DB68A7D2463DEC900200F4C /* Main.storyboard in Resources */,
			);
			runOnlyForDeploymentPostprocessing = 0;
		};
		8DB68A862463DECC00200F4C /* Resources */ = {
			isa = PBXResourcesBuildPhase;
			buildActionMask = 2147483647;
			files = (
			);
			runOnlyForDeploymentPostprocessing = 0;
		};
/* End PBXResourcesBuildPhase section */

/* Begin PBXSourcesBuildPhase section */
		8DB68A702463DEC900200F4C /* Sources */ = {
			isa = PBXSourcesBuildPhase;
			buildActionMask = 2147483647;
			files = (
				8DB68A7A2463DEC900200F4C /* ViewController.swift in Sources */,
				8DB68A782463DEC900200F4C /* AppDelegate.swift in Sources */,
			);
			runOnlyForDeploymentPostprocessing = 0;
		};
		8DB68A842463DECC00200F4C /* Sources */ = {
			isa = PBXSourcesBuildPhase;
			buildActionMask = 2147483647;
			files = (
				8DB68A8D2463DECC00200F4C /* KeychainExampleTests.swift in Sources */,
			);
			runOnlyForDeploymentPostprocessing = 0;
		};
/* End PBXSourcesBuildPhase section */

/* Begin PBXTargetDependency section */
		8DB68A8A2463DECC00200F4C /* PBXTargetDependency */ = {
			isa = PBXTargetDependency;
			target = 8DB68A732463DEC900200F4C /* KeychainExample */;
			targetProxy = 8DB68A892463DECC00200F4C /* PBXContainerItemProxy */;
		};
/* End PBXTargetDependency section */

/* Begin PBXVariantGroup section */
		8DB68A7B2463DEC900200F4C /* Main.storyboard */ = {
			isa = PBXVariantGroup;
			children = (
				8DB68A7C2463DEC900200F4C /* Base */,
			);
			name = Main.storyboard;
			sourceTree = "<group>";
		};
		8DB68A802463DECC00200F4C /* LaunchScreen.storyboard */ = {
			isa = PBXVariantGroup;
			children = (
				8DB68A812463DECC00200F4C /* Base */,
			);
			name = LaunchScreen.storyboard;
			sourceTree = "<group>";
		};
/* End PBXVariantGroup section */

/* Begin XCBuildConfiguration section */
		8DB68A8F2463DECC00200F4C /* Debug */ = {
			isa = XCBuildConfiguration;
			buildSettings = {
				ALWAYS_SEARCH_USER_PATHS = NO;
				CLANG_ANALYZER_NONNULL = YES;
				CLANG_ANALYZER_NUMBER_OBJECT_CONVERSION = YES_AGGRESSIVE;
				CLANG_CXX_LANGUAGE_STANDARD = "gnu++14";
				CLANG_CXX_LIBRARY = "libc++";
				CLANG_ENABLE_MODULES = YES;
				CLANG_ENABLE_OBJC_ARC = YES;
				CLANG_ENABLE_OBJC_WEAK = YES;
				CLANG_WARN_BLOCK_CAPTURE_AUTORELEASING = YES;
				CLANG_WARN_BOOL_CONVERSION = YES;
				CLANG_WARN_COMMA = YES;
				CLANG_WARN_CONSTANT_CONVERSION = YES;
				CLANG_WARN_DEPRECATED_OBJC_IMPLEMENTATIONS = YES;
				CLANG_WARN_DIRECT_OBJC_ISA_USAGE = YES_ERROR;
				CLANG_WARN_DOCUMENTATION_COMMENTS = YES;
				CLANG_WARN_EMPTY_BODY = YES;
				CLANG_WARN_ENUM_CONVERSION = YES;
				CLANG_WARN_INFINITE_RECURSION = YES;
				CLANG_WARN_INT_CONVERSION = YES;
				CLANG_WARN_NON_LITERAL_NULL_CONVERSION = YES;
				CLANG_WARN_OBJC_IMPLICIT_RETAIN_SELF = YES;
				CLANG_WARN_OBJC_LITERAL_CONVERSION = YES;
				CLANG_WARN_OBJC_ROOT_CLASS = YES_ERROR;
				CLANG_WARN_RANGE_LOOP_ANALYSIS = YES;
				CLANG_WARN_STRICT_PROTOTYPES = YES;
				CLANG_WARN_SUSPICIOUS_MOVE = YES;
				CLANG_WARN_UNGUARDED_AVAILABILITY = YES_AGGRESSIVE;
				CLANG_WARN_UNREACHABLE_CODE = YES;
				CLANG_WARN__DUPLICATE_METHOD_MATCH = YES;
				CODE_SIGN_IDENTITY = "iPhone Developer";
				COPY_PHASE_STRIP = NO;
				DEBUG_INFORMATION_FORMAT = dwarf;
				ENABLE_STRICT_OBJC_MSGSEND = YES;
				ENABLE_TESTABILITY = YES;
				GCC_C_LANGUAGE_STANDARD = gnu11;
				GCC_DYNAMIC_NO_PIC = NO;
				GCC_NO_COMMON_BLOCKS = YES;
				GCC_OPTIMIZATION_LEVEL = 0;
				GCC_PREPROCESSOR_DEFINITIONS = (
					"DEBUG=1",
					"$(inherited)",
				);
				GCC_WARN_64_TO_32_BIT_CONVERSION = YES;
				GCC_WARN_ABOUT_RETURN_TYPE = YES_ERROR;
				GCC_WARN_UNDECLARED_SELECTOR = YES;
				GCC_WARN_UNINITIALIZED_AUTOS = YES_AGGRESSIVE;
				GCC_WARN_UNUSED_FUNCTION = YES;
				GCC_WARN_UNUSED_VARIABLE = YES;
				IPHONEOS_DEPLOYMENT_TARGET = 12.0;
				MTL_ENABLE_DEBUG_INFO = INCLUDE_SOURCE;
				MTL_FAST_MATH = YES;
				ONLY_ACTIVE_ARCH = YES;
				SDKROOT = iphoneos;
				SWIFT_ACTIVE_COMPILATION_CONDITIONS = DEBUG;
				SWIFT_OPTIMIZATION_LEVEL = "-Onone";
			};
			name = Debug;
		};
		8DB68A902463DECC00200F4C /* Release */ = {
			isa = XCBuildConfiguration;
			buildSettings = {
				ALWAYS_SEARCH_USER_PATHS = NO;
				CLANG_ANALYZER_NONNULL = YES;
				CLANG_ANALYZER_NUMBER_OBJECT_CONVERSION = YES_AGGRESSIVE;
				CLANG_CXX_LANGUAGE_STANDARD = "gnu++14";
				CLANG_CXX_LIBRARY = "libc++";
				CLANG_ENABLE_MODULES = YES;
				CLANG_ENABLE_OBJC_ARC = YES;
				CLANG_ENABLE_OBJC_WEAK = YES;
				CLANG_WARN_BLOCK_CAPTURE_AUTORELEASING = YES;
				CLANG_WARN_BOOL_CONVERSION = YES;
				CLANG_WARN_COMMA = YES;
				CLANG_WARN_CONSTANT_CONVERSION = YES;
				CLANG_WARN_DEPRECATED_OBJC_IMPLEMENTATIONS = YES;
				CLANG_WARN_DIRECT_OBJC_ISA_USAGE = YES_ERROR;
				CLANG_WARN_DOCUMENTATION_COMMENTS = YES;
				CLANG_WARN_EMPTY_BODY = YES;
				CLANG_WARN_ENUM_CONVERSION = YES;
				CLANG_WARN_INFINITE_RECURSION = YES;
				CLANG_WARN_INT_CONVERSION = YES;
				CLANG_WARN_NON_LITERAL_NULL_CONVERSION = YES;
				CLANG_WARN_OBJC_IMPLICIT_RETAIN_SELF = YES;
				CLANG_WARN_OBJC_LITERAL_CONVERSION = YES;
				CLANG_WARN_OBJC_ROOT_CLASS = YES_ERROR;
				CLANG_WARN_RANGE_LOOP_ANALYSIS = YES;
				CLANG_WARN_STRICT_PROTOTYPES = YES;
				CLANG_WARN_SUSPICIOUS_MOVE = YES;
				CLANG_WARN_UNGUARDED_AVAILABILITY = YES_AGGRESSIVE;
				CLANG_WARN_UNREACHABLE_CODE = YES;
				CLANG_WARN__DUPLICATE_METHOD_MATCH = YES;
				CODE_SIGN_IDENTITY = "iPhone Developer";
				COPY_PHASE_STRIP = NO;
				DEBUG_INFORMATION_FORMAT = "dwarf-with-dsym";
				ENABLE_NS_ASSERTIONS = NO;
				ENABLE_STRICT_OBJC_MSGSEND = YES;
				GCC_C_LANGUAGE_STANDARD = gnu11;
				GCC_NO_COMMON_BLOCKS = YES;
				GCC_WARN_64_TO_32_BIT_CONVERSION = YES;
				GCC_WARN_ABOUT_RETURN_TYPE = YES_ERROR;
				GCC_WARN_UNDECLARED_SELECTOR = YES;
				GCC_WARN_UNINITIALIZED_AUTOS = YES_AGGRESSIVE;
				GCC_WARN_UNUSED_FUNCTION = YES;
				GCC_WARN_UNUSED_VARIABLE = YES;
				IPHONEOS_DEPLOYMENT_TARGET = 12.0;
				MTL_ENABLE_DEBUG_INFO = NO;
				MTL_FAST_MATH = YES;
				SDKROOT = iphoneos;
				SWIFT_COMPILATION_MODE = wholemodule;
				SWIFT_OPTIMIZATION_LEVEL = "-O";
				VALIDATE_PRODUCT = YES;
			};
			name = Release;
		};
		8DB68A922463DECC00200F4C /* Debug */ = {
			isa = XCBuildConfiguration;
			buildSettings = {
				ASSETCATALOG_COMPILER_APPICON_NAME = AppIcon;
				CODE_SIGN_STYLE = Manual;
				DEVELOPMENT_TEAM = "";
				INFOPLIST_FILE = KeychainExample/Info.plist;
				IPHONEOS_DEPLOYMENT_TARGET = 12.0;
				LD_RUNPATH_SEARCH_PATHS = (
					"$(inherited)",
					"@executable_path/Frameworks",
				);
				PRODUCT_BUNDLE_IDENTIFIER = com.personal.KeychainExample;
				PRODUCT_NAME = "$(TARGET_NAME)";
				PROVISIONING_PROFILE_SPECIFIER = "";
				SWIFT_VERSION = 5.0;
				TARGETED_DEVICE_FAMILY = "1,2";
			};
			name = Debug;
		};
		8DB68A932463DECC00200F4C /* Release */ = {
			isa = XCBuildConfiguration;
			buildSettings = {
				ASSETCATALOG_COMPILER_APPICON_NAME = AppIcon;
				CODE_SIGN_STYLE = Manual;
				DEVELOPMENT_TEAM = "";
				INFOPLIST_FILE = KeychainExample/Info.plist;
				IPHONEOS_DEPLOYMENT_TARGET = 12.0;
				LD_RUNPATH_SEARCH_PATHS = (
					"$(inherited)",
					"@executable_path/Frameworks",
				);
				PRODUCT_BUNDLE_IDENTIFIER = com.personal.KeychainExample;
				PRODUCT_NAME = "$(TARGET_NAME)";
				PROVISIONING_PROFILE_SPECIFIER = "";
				SWIFT_VERSION = 5.0;
				TARGETED_DEVICE_FAMILY = "1,2";
			};
			name = Release;
		};
		8DB68A952463DECC00200F4C /* Debug */ = {
			isa = XCBuildConfiguration;
			buildSettings = {
				ALWAYS_EMBED_SWIFT_STANDARD_LIBRARIES = YES;
				BUNDLE_LOADER = "$(TEST_HOST)";
				CODE_SIGN_STYLE = Automatic;
				INFOPLIST_FILE = KeychainExampleTests/Info.plist;
				LD_RUNPATH_SEARCH_PATHS = (
					"$(inherited)",
					"@executable_path/Frameworks",
					"@loader_path/Frameworks",
				);
				PRODUCT_BUNDLE_IDENTIFIER = com.personal.KeychainExampleTests;
				PRODUCT_NAME = "$(TARGET_NAME)";
				SWIFT_VERSION = 5.0;
				TARGETED_DEVICE_FAMILY = "1,2";
				TEST_HOST = "$(BUILT_PRODUCTS_DIR)/KeychainExample.app/KeychainExample";
			};
			name = Debug;
		};
		8DB68A962463DECC00200F4C /* Release */ = {
			isa = XCBuildConfiguration;
			buildSettings = {
				ALWAYS_EMBED_SWIFT_STANDARD_LIBRARIES = YES;
				BUNDLE_LOADER = "$(TEST_HOST)";
				CODE_SIGN_STYLE = Automatic;
				INFOPLIST_FILE = KeychainExampleTests/Info.plist;
				LD_RUNPATH_SEARCH_PATHS = (
					"$(inherited)",
					"@executable_path/Frameworks",
					"@loader_path/Frameworks",
				);
				PRODUCT_BUNDLE_IDENTIFIER = com.personal.KeychainExampleTests;
				PRODUCT_NAME = "$(TARGET_NAME)";
				SWIFT_VERSION = 5.0;
				TARGETED_DEVICE_FAMILY = "1,2";
				TEST_HOST = "$(BUILT_PRODUCTS_DIR)/KeychainExample.app/KeychainExample";
			};
			name = Release;
		};
/* End XCBuildConfiguration section */

/* Begin XCConfigurationList section */
		8DB68A6F2463DEC900200F4C /* Build configuration list for PBXProject "KeychainExample" */ = {
			isa = XCConfigurationList;
			buildConfigurations = (
				8DB68A8F2463DECC00200F4C /* Debug */,
				8DB68A902463DECC00200F4C /* Release */,
			);
			defaultConfigurationIsVisible = 0;
			defaultConfigurationName = Release;
		};
		8DB68A912463DECC00200F4C /* Build configuration list for PBXNativeTarget "KeychainExample" */ = {
			isa = XCConfigurationList;
			buildConfigurations = (
				8DB68A922463DECC00200F4C /* Debug */,
				8DB68A932463DECC00200F4C /* Release */,
			);
			defaultConfigurationIsVisible = 0;
			defaultConfigurationName = Release;
		};
		8DB68A942463DECC00200F4C /* Build configuration list for PBXNativeTarget "KeychainExampleTests" */ = {
			isa = XCConfigurationList;
			buildConfigurations = (
				8DB68A952463DECC00200F4C /* Debug */,
				8DB68A962463DECC00200F4C /* Release */,
			);
			defaultConfigurationIsVisible = 0;
			defaultConfigurationName = Release;
		};
/* End XCConfigurationList section */
	};
	rootObject = 8DB68A6C2463DEC900200F4C /* Project object */;
}
